
Microsoft Visual Studio Solution File, Format Version 12.00
# Visual Studio Version 17
VisualStudioVersion = 17.0.31903.59
MinimumVisualStudioVersion = 10.0.40219.1
Project("{2150E333-8FDC-42A3-9474-1A3956D46DE8}") = "src", "src", "{827E0CD3-B72D-47B6-A68D-7590B98EB39B}"
EndProject
Project("{FAE04EC0-301F-11D3-BF4B-00C04F79EFBC}") = "Forma.Domain", "src\Forma.Domain\Forma.Domain.csproj", "{A188BD53-9EF2-41BE-B020-1D0ACFEF96A6}"
EndProject
Project("{FAE04EC0-301F-11D3-BF4B-00C04F79EFBC}") = "Forma.Shared", "src\Forma.Shared\Forma.Shared.csproj", "{033E06BA-26AC-46E8-817C-0E9E76A9F9DE}"
EndProject
Project("{FAE04EC0-301F-11D3-BF4B-00C04F79EFBC}") = "Forma.Application", "src\Forma.Application\Forma.Application.csproj", "{37459C0F-266D-4897-AD27-D785696BFF3C}"
EndProject
Project("{FAE04EC0-301F-11D3-BF4B-00C04F79EFBC}") = "Forma.Infrastructure", "src\Forma.Infrastructure\Forma.Infrastructure.csproj", "{1989523E-E9C2-4607-97A2-D790ADFD7293}"
EndProject
Project("{FAE04EC0-301F-11D3-BF4B-00C04F79EFBC}") = "Forma.API", "src\Forma.API\Forma.API.csproj", "{224D86FB-1B02-48EE-9FBA-16FBA9926330}"
EndProject
Project("{2150E333-8FDC-42A3-9474-1A3956D46DE8}") = "tests", "tests", "{0AB3BF05-4346-4AA6-1389-037BE0695223}"
EndProject
Project("{FAE04EC0-301F-11D3-BF4B-00C04F79EFBC}") = "Forma.UnitTests", "tests\Forma.UnitTests\Forma.UnitTests.csproj", "{86EBE04D-D5BA-42F6-ACC4-6761831EC4AD}"
EndProject
Project("{FAE04EC0-301F-11D3-BF4B-00C04F79EFBC}") = "Forma.IntegrationTests", "tests\Forma.IntegrationTests\Forma.IntegrationTests.csproj", "{4699CE24-C174-49C8-99F3-1581D0DCB0A0}"
EndProject
Global
	GlobalSection(SolutionConfigurationPlatforms) = preSolution
		Debug|Any CPU = Debug|Any CPU
		Debug|x64 = Debug|x64
		Debug|x86 = Debug|x86
		Release|Any CPU = Release|Any CPU
		Release|x64 = Release|x64
		Release|x86 = Release|x86
	EndGlobalSection
	GlobalSection(ProjectConfigurationPlatforms) = postSolution
		{A188BD53-9EF2-41BE-B020-1D0ACFEF96A6}.Debug|Any CPU.ActiveCfg = Debug|Any CPU
		{A188BD53-9EF2-41BE-B020-1D0ACFEF96A6}.Debug|Any CPU.Build.0 = Debug|Any CPU
		{A188BD53-9EF2-41BE-B020-1D0ACFEF96A6}.Debug|x64.ActiveCfg = Debug|Any CPU
		{A188BD53-9EF2-41BE-B020-1D0ACFEF96A6}.Debug|x64.Build.0 = Debug|Any CPU
		{A188BD53-9EF2-41BE-B020-1D0ACFEF96A6}.Debug|x86.ActiveCfg = Debug|Any CPU
		{A188BD53-9EF2-41BE-B020-1D0ACFEF96A6}.Debug|x86.Build.0 = Debug|Any CPU
		{A188BD53-9EF2-41BE-B020-1D0ACFEF96A6}.Release|Any CPU.ActiveCfg = Release|Any CPU
		{A188BD53-9EF2-41BE-B020-1D0ACFEF96A6}.Release|Any CPU.Build.0 = Release|Any CPU
		{A188BD53-9EF2-41BE-B020-1D0ACFEF96A6}.Release|x64.ActiveCfg = Release|Any CPU
		{A188BD53-9EF2-41BE-B020-1D0ACFEF96A6}.Release|x64.Build.0 = Release|Any CPU
		{A188BD53-9EF2-41BE-B020-1D0ACFEF96A6}.Release|x86.ActiveCfg = Release|Any CPU
		{A188BD53-9EF2-41BE-B020-1D0ACFEF96A6}.Release|x86.Build.0 = Release|Any CPU
		{033E06BA-26AC-46E8-817C-0E9E76A9F9DE}.Debug|Any CPU.ActiveCfg = Debug|Any CPU
		{033E06BA-26AC-46E8-817C-0E9E76A9F9DE}.Debug|Any CPU.Build.0 = Debug|Any CPU
		{033E06BA-26AC-46E8-817C-0E9E76A9F9DE}.Debug|x64.ActiveCfg = Debug|Any CPU
		{033E06BA-26AC-46E8-817C-0E9E76A9F9DE}.Debug|x64.Build.0 = Debug|Any CPU
		{033E06BA-26AC-46E8-817C-0E9E76A9F9DE}.Debug|x86.ActiveCfg = Debug|Any CPU
		{033E06BA-26AC-46E8-817C-0E9E76A9F9DE}.Debug|x86.Build.0 = Debug|Any CPU
		{033E06BA-26AC-46E8-817C-0E9E76A9F9DE}.Release|Any CPU.ActiveCfg = Release|Any CPU
		{033E06BA-26AC-46E8-817C-0E9E76A9F9DE}.Release|Any CPU.Build.0 = Release|Any CPU
		{033E06BA-26AC-46E8-817C-0E9E76A9F9DE}.Release|x64.ActiveCfg = Release|Any CPU
		{033E06BA-26AC-46E8-817C-0E9E76A9F9DE}.Release|x64.Build.0 = Release|Any CPU
		{033E06BA-26AC-46E8-817C-0E9E76A9F9DE}.Release|x86.ActiveCfg = Release|Any CPU
		{033E06BA-26AC-46E8-817C-0E9E76A9F9DE}.Release|x86.Build.0 = Release|Any CPU
		{37459C0F-266D-4897-AD27-D785696BFF3C}.Debug|Any CPU.ActiveCfg = Debug|Any CPU
		{37459C0F-266D-4897-AD27-D785696BFF3C}.Debug|Any CPU.Build.0 = Debug|Any CPU
		{37459C0F-266D-4897-AD27-D785696BFF3C}.Debug|x64.ActiveCfg = Debug|Any CPU
		{37459C0F-266D-4897-AD27-D785696BFF3C}.Debug|x64.Build.0 = Debug|Any CPU
		{37459C0F-266D-4897-AD27-D785696BFF3C}.Debug|x86.ActiveCfg = Debug|Any CPU
		{37459C0F-266D-4897-AD27-D785696BFF3C}.Debug|x86.Build.0 = Debug|Any CPU
		{37459C0F-266D-4897-AD27-D785696BFF3C}.Release|Any CPU.ActiveCfg = Release|Any CPU
		{37459C0F-266D-4897-AD27-D785696BFF3C}.Release|Any CPU.Build.0 = Release|Any CPU
		{37459C0F-266D-4897-AD27-D785696BFF3C}.Release|x64.ActiveCfg = Release|Any CPU
		{37459C0F-266D-4897-AD27-D785696BFF3C}.Release|x64.Build.0 = Release|Any CPU
		{37459C0F-266D-4897-AD27-D785696BFF3C}.Release|x86.ActiveCfg = Release|Any CPU
		{37459C0F-266D-4897-AD27-D785696BFF3C}.Release|x86.Build.0 = Release|Any CPU
		{1989523E-E9C2-4607-97A2-D790ADFD7293}.Debug|Any CPU.ActiveCfg = Debug|Any CPU
		{1989523E-E9C2-4607-97A2-D790ADFD7293}.Debug|Any CPU.Build.0 = Debug|Any CPU
		{1989523E-E9C2-4607-97A2-D790ADFD7293}.Debug|x64.ActiveCfg = Debug|Any CPU
		{1989523E-E9C2-4607-97A2-D790ADFD7293}.Debug|x64.Build.0 = Debug|Any CPU
		{1989523E-E9C2-4607-97A2-D790ADFD7293}.Debug|x86.ActiveCfg = Debug|Any CPU
		{1989523E-E9C2-4607-97A2-D790ADFD7293}.Debug|x86.Build.0 = Debug|Any CPU
		{1989523E-E9C2-4607-97A2-D790ADFD7293}.Release|Any CPU.ActiveCfg = Release|Any CPU
		{1989523E-E9C2-4607-97A2-D790ADFD7293}.Release|Any CPU.Build.0 = Release|Any CPU
		{1989523E-E9C2-4607-97A2-D790ADFD7293}.Release|x64.ActiveCfg = Release|Any CPU
		{1989523E-E9C2-4607-97A2-D790ADFD7293}.Release|x64.Build.0 = Release|Any CPU
		{1989523E-E9C2-4607-97A2-D790ADFD7293}.Release|x86.ActiveCfg = Release|Any CPU
		{1989523E-E9C2-4607-97A2-D790ADFD7293}.Release|x86.Build.0 = Release|Any CPU
		{224D86FB-1B02-48EE-9FBA-16FBA9926330}.Debug|Any CPU.ActiveCfg = Debug|Any CPU
		{224D86FB-1B02-48EE-9FBA-16FBA9926330}.Debug|Any CPU.Build.0 = Debug|Any CPU
		{224D86FB-1B02-48EE-9FBA-16FBA9926330}.Debug|x64.ActiveCfg = Debug|Any CPU
		{224D86FB-1B02-48EE-9FBA-16FBA9926330}.Debug|x64.Build.0 = Debug|Any CPU
		{224D86FB-1B02-48EE-9FBA-16FBA9926330}.Debug|x86.ActiveCfg = Debug|Any CPU
		{224D86FB-1B02-48EE-9FBA-16FBA9926330}.Debug|x86.Build.0 = Debug|Any CPU
		{224D86FB-1B02-48EE-9FBA-16FBA9926330}.Release|Any CPU.ActiveCfg = Release|Any CPU
		{224D86FB-1B02-48EE-9FBA-16FBA9926330}.Release|Any CPU.Build.0 = Release|Any CPU
		{224D86FB-1B02-48EE-9FBA-16FBA9926330}.Release|x64.ActiveCfg = Release|Any CPU
		{224D86FB-1B02-48EE-9FBA-16FBA9926330}.Release|x64.Build.0 = Release|Any CPU
		{224D86FB-1B02-48EE-9FBA-16FBA9926330}.Release|x86.ActiveCfg = Release|Any CPU
		{224D86FB-1B02-48EE-9FBA-16FBA9926330}.Release|x86.Build.0 = Release|Any CPU
		{86EBE04D-D5BA-42F6-ACC4-6761831EC4AD}.Debug|Any CPU.ActiveCfg = Debug|Any CPU
		{86EBE04D-D5BA-42F6-ACC4-6761831EC4AD}.Debug|Any CPU.Build.0 = Debug|Any CPU
		{86EBE04D-D5BA-42F6-ACC4-6761831EC4AD}.Debug|x64.ActiveCfg = Debug|Any CPU
		{86EBE04D-D5BA-42F6-ACC4-6761831EC4AD}.Debug|x64.Build.0 = Debug|Any CPU
		{86EBE04D-D5BA-42F6-ACC4-6761831EC4AD}.Debug|x86.ActiveCfg = Debug|Any CPU
		{86EBE04D-D5BA-42F6-ACC4-6761831EC4AD}.Debug|x86.Build.0 = Debug|Any CPU
		{86EBE04D-D5BA-42F6-ACC4-6761831EC4AD}.Release|Any CPU.ActiveCfg = Release|Any CPU
		{86EBE04D-D5BA-42F6-ACC4-6761831EC4AD}.Release|Any CPU.Build.0 = Release|Any CPU
		{86EBE04D-D5BA-42F6-ACC4-6761831EC4AD}.Release|x64.ActiveCfg = Release|Any CPU
		{86EBE04D-D5BA-42F6-ACC4-6761831EC4AD}.Release|x64.Build.0 = Release|Any CPU
		{86EBE04D-D5BA-42F6-ACC4-6761831EC4AD}.Release|x86.ActiveCfg = Release|Any CPU
		{86EBE04D-D5BA-42F6-ACC4-6761831EC4AD}.Release|x86.Build.0 = Release|Any CPU
		{4699CE24-C174-49C8-99F3-1581D0DCB0A0}.Debug|Any CPU.ActiveCfg = Debug|Any CPU
		{4699CE24-C174-49C8-99F3-1581D0DCB0A0}.Debug|Any CPU.Build.0 = Debug|Any CPU
		{4699CE24-C174-49C8-99F3-1581D0DCB0A0}.Debug|x64.ActiveCfg = Debug|Any CPU
		{4699CE24-C174-49C8-99F3-1581D0DCB0A0}.Debug|x64.Build.0 = Debug|Any CPU
		{4699CE24-C174-49C8-99F3-1581D0DCB0A0}.Debug|x86.ActiveCfg = Debug|Any CPU
		{4699CE24-C174-49C8-99F3-1581D0DCB0A0}.Debug|x86.Build.0 = Debug|Any CPU
		{4699CE24-C174-49C8-99F3-1581D0DCB0A0}.Release|Any CPU.ActiveCfg = Release|Any CPU
		{4699CE24-C174-49C8-99F3-1581D0DCB0A0}.Release|Any CPU.Build.0 = Release|Any CPU
		{4699CE24-C174-49C8-99F3-1581D0DCB0A0}.Release|x64.ActiveCfg = Release|Any CPU
		{4699CE24-C174-49C8-99F3-1581D0DCB0A0}.Release|x64.Build.0 = Release|Any CPU
		{4699CE24-C174-49C8-99F3-1581D0DCB0A0}.Release|x86.ActiveCfg = Release|Any CPU
		{4699CE24-C174-49C8-99F3-1581D0DCB0A0}.Release|x86.Build.0 = Release|Any CPU
	EndGlobalSection
	GlobalSection(SolutionProperties) = preSolution
		HideSolutionNode = FALSE
	EndGlobalSection
	GlobalSection(NestedProjects) = preSolution
		{A188BD53-9EF2-41BE-B020-1D0ACFEF96A6} = {827E0CD3-B72D-47B6-A68D-7590B98EB39B}
		{033E06BA-26AC-46E8-817C-0E9E76A9F9DE} = {827E0CD3-B72D-47B6-A68D-7590B98EB39B}
		{37459C0F-266D-4897-AD27-D785696BFF3C} = {827E0CD3-B72D-47B6-A68D-7590B98EB39B}
		{1989523E-E9C2-4607-97A2-D790ADFD7293} = {827E0CD3-B72D-47B6-A68D-7590B98EB39B}
		{224D86FB-1B02-48EE-9FBA-16FBA9926330} = {827E0CD3-B72D-47B6-A68D-7590B98EB39B}
		{86EBE04D-D5BA-42F6-ACC4-6761831EC4AD} = {0AB3BF05-4346-4AA6-1389-037BE0695223}
		{4699CE24-C174-49C8-99F3-1581D0DCB0A0} = {0AB3BF05-4346-4AA6-1389-037BE0695223}
	EndGlobalSection
EndGlobal
